// !$*UTF8*$!
{
	archiveVersion = 1;
	classes = {
	};
	objectVersion = 46;
	objects = {

/* Begin PBXBuildFile section */
		071515661725887C0063B811 /* UIKit.framework in Frameworks */ = {isa = PBXBuildFile; fileRef = 071515651725887C0063B811 /* UIKit.framework */; };
		071515681725887C0063B811 /* Foundation.framework in Frameworks */ = {isa = PBXBuildFile; fileRef = 071515671725887C0063B811 /* Foundation.framework */; };
		0715156A1725887C0063B811 /* CoreGraphics.framework in Frameworks */ = {isa = PBXBuildFile; fileRef = 071515691725887C0063B811 /* CoreGraphics.framework */; };
		071515701725887C0063B811 /* InfoPlist.strings in Resources */ = {isa = PBXBuildFile; fileRef = 0715156E1725887C0063B811 /* InfoPlist.strings */; };
		071515721725887C0063B811 /* main.m in Sources */ = {isa = PBXBuildFile; fileRef = 071515711725887C0063B811 /* main.m */; };
		071515761725887C0063B811 /* AppDelegate.m in Sources */ = {isa = PBXBuildFile; fileRef = 071515751725887C0063B811 /* AppDelegate.m */; };
		071515781725887C0063B811 /* Default.png in Resources */ = {isa = PBXBuildFile; fileRef = 071515771725887C0063B811 /* Default.png */; };
		0715157A1725887C0063B811 /* Default@2x.png in Resources */ = {isa = PBXBuildFile; fileRef = 071515791725887C0063B811 /* Default@2x.png */; };
		0715157C1725887C0063B811 /* Default-568h@2x.png in Resources */ = {isa = PBXBuildFile; fileRef = 0715157B1725887C0063B811 /* Default-568h@2x.png */; };
		0715157F1725887C0063B811 /* MainStoryboard_iPhone.storyboard in Resources */ = {isa = PBXBuildFile; fileRef = 0715157D1725887C0063B811 /* MainStoryboard_iPhone.storyboard */; };
		071515821725887C0063B811 /* MainStoryboard_iPad.storyboard in Resources */ = {isa = PBXBuildFile; fileRef = 071515801725887C0063B811 /* MainStoryboard_iPad.storyboard */; };
		071515851725887C0063B811 /* MainViewController.m in Sources */ = {isa = PBXBuildFile; fileRef = 071515841725887C0063B811 /* MainViewController.m */; };
		0715158D1725887C0063B811 /* SenTestingKit.framework in Frameworks */ = {isa = PBXBuildFile; fileRef = 0715158C1725887C0063B811 /* SenTestingKit.framework */; };
		0715158E1725887C0063B811 /* UIKit.framework in Frameworks */ = {isa = PBXBuildFile; fileRef = 071515651725887C0063B811 /* UIKit.framework */; };
		0715158F1725887C0063B811 /* Foundation.framework in Frameworks */ = {isa = PBXBuildFile; fileRef = 071515671725887C0063B811 /* Foundation.framework */; };
		071515971725887C0063B811 /* InfoPlist.strings in Resources */ = {isa = PBXBuildFile; fileRef = 071515951725887C0063B811 /* InfoPlist.strings */; };
		0715159A1725887C0063B811 /* WhosPlayingXboxTests.m in Sources */ = {isa = PBXBuildFile; fileRef = 071515991725887C0063B811 /* WhosPlayingXboxTests.m */; };
		07735FDA17258CB100358067 /* SystemConfiguration.framework in Frameworks */ = {isa = PBXBuildFile; fileRef = 07735FD917258CB100358067 /* SystemConfiguration.framework */; };
		07735FDC17258CC400358067 /* MobileCoreServices.framework in Frameworks */ = {isa = PBXBuildFile; fileRef = 07735FDB17258CC400358067 /* MobileCoreServices.framework */; };
		07735FDF17258D4300358067 /* GamerStatus.m in Sources */ = {isa = PBXBuildFile; fileRef = 07735FDE17258D4300358067 /* GamerStatus.m */; };
		07E1BD581725E47B00AC9A88 /* SegoeWP.ttf in Resources */ = {isa = PBXBuildFile; fileRef = 07E1BD571725E47B00AC9A88 /* SegoeWP.ttf */; };
		07E1BD6117262C3A00AC9A88 /* GamerStatusViewController.m in Sources */ = {isa = PBXBuildFile; fileRef = 07E1BD6017262C3A00AC9A88 /* GamerStatusViewController.m */; };
		07E1BD651728693300AC9A88 /* xboxGoldTier .png in Resources */ = {isa = PBXBuildFile; fileRef = 07E1BD641728693300AC9A88 /* xboxGoldTier .png */; };
		07E1BD68172879E200AC9A88 /* NSString+HTML.m in Sources */ = {isa = PBXBuildFile; fileRef = 07E1BD67172879E200AC9A88 /* NSString+HTML.m */; settings = {COMPILER_FLAGS = "-fno-objc-arc"; }; };
		07E1BD6C17287C0100AC9A88 /* GTMNSString+HTML.m in Sources */ = {isa = PBXBuildFile; fileRef = 07E1BD6B17287C0100AC9A88 /* GTMNSString+HTML.m */; settings = {COMPILER_FLAGS = "-fno-objc-arc"; }; };
		07E1BD6F1728999400AC9A88 /* QuartzCore.framework in Frameworks */ = {isa = PBXBuildFile; fileRef = 07E1BD6E1728999400AC9A88 /* QuartzCore.framework */; };
		07E1BD7117289C5D00AC9A88 /* refresh.png in Resources */ = {isa = PBXBuildFile; fileRef = 07E1BD7017289C5D00AC9A88 /* refresh.png */; };
		07E1BD7317289C9800AC9A88 /* back.png in Resources */ = {isa = PBXBuildFile; fileRef = 07E1BD7217289C9800AC9A88 /* back.png */; };
		07E1BD7617289F3400AC9A88 /* StarEmptyLarge@2x.png in Resources */ = {isa = PBXBuildFile; fileRef = 07E1BD7417289F3400AC9A88 /* StarEmptyLarge@2x.png */; };
		07E1BD7717289F3400AC9A88 /* StarFullLarge@2x.png in Resources */ = {isa = PBXBuildFile; fileRef = 07E1BD7517289F3400AC9A88 /* StarFullLarge@2x.png */; };
		98B82B86E50740D89E3E92C9 /* libPods.a in Frameworks */ = {isa = PBXBuildFile; fileRef = E014D4CBD3594DB4AB9C8FF3 /* libPods.a */; };
/* End PBXBuildFile section */

/* Begin PBXContainerItemProxy section */
		071515901725887C0063B811 /* PBXContainerItemProxy */ = {
			isa = PBXContainerItemProxy;
			containerPortal = 0715155A1725887C0063B811 /* Project object */;
			proxyType = 1;
			remoteGlobalIDString = 071515611725887C0063B811;
			remoteInfo = WhosPlayingXbox;
		};
/* End PBXContainerItemProxy section */

/* Begin PBXFileReference section */
		071515621725887C0063B811 /* WhosPlayingXbox.app */ = {isa = PBXFileReference; explicitFileType = wrapper.application; includeInIndex = 0; path = WhosPlayingXbox.app; sourceTree = BUILT_PRODUCTS_DIR; };
		071515651725887C0063B811 /* UIKit.framework */ = {isa = PBXFileReference; lastKnownFileType = wrapper.framework; name = UIKit.framework; path = System/Library/Frameworks/UIKit.framework; sourceTree = SDKROOT; };
		071515671725887C0063B811 /* Foundation.framework */ = {isa = PBXFileReference; lastKnownFileType = wrapper.framework; name = Foundation.framework; path = System/Library/Frameworks/Foundation.framework; sourceTree = SDKROOT; };
		071515691725887C0063B811 /* CoreGraphics.framework */ = {isa = PBXFileReference; lastKnownFileType = wrapper.framework; name = CoreGraphics.framework; path = System/Library/Frameworks/CoreGraphics.framework; sourceTree = SDKROOT; };
		0715156D1725887C0063B811 /* WhosPlayingXbox-Info.plist */ = {isa = PBXFileReference; lastKnownFileType = text.plist.xml; path = "WhosPlayingXbox-Info.plist"; sourceTree = "<group>"; };
		0715156F1725887C0063B811 /* en */ = {isa = PBXFileReference; lastKnownFileType = text.plist.strings; name = en; path = en.lproj/InfoPlist.strings; sourceTree = "<group>"; };
		071515711725887C0063B811 /* main.m */ = {isa = PBXFileReference; lastKnownFileType = sourcecode.c.objc; path = main.m; sourceTree = "<group>"; };
		071515731725887C0063B811 /* WhosPlayingXbox-Prefix.pch */ = {isa = PBXFileReference; lastKnownFileType = sourcecode.c.h; path = "WhosPlayingXbox-Prefix.pch"; sourceTree = "<group>"; };
		071515741725887C0063B811 /* AppDelegate.h */ = {isa = PBXFileReference; lastKnownFileType = sourcecode.c.h; path = AppDelegate.h; sourceTree = "<group>"; };
		071515751725887C0063B811 /* AppDelegate.m */ = {isa = PBXFileReference; lastKnownFileType = sourcecode.c.objc; path = AppDelegate.m; sourceTree = "<group>"; };
		071515771725887C0063B811 /* Default.png */ = {isa = PBXFileReference; lastKnownFileType = image.png; path = Default.png; sourceTree = "<group>"; };
		071515791725887C0063B811 /* Default@2x.png */ = {isa = PBXFileReference; lastKnownFileType = image.png; path = "Default@2x.png"; sourceTree = "<group>"; };
		0715157B1725887C0063B811 /* Default-568h@2x.png */ = {isa = PBXFileReference; lastKnownFileType = image.png; path = "Default-568h@2x.png"; sourceTree = "<group>"; };
		0715157E1725887C0063B811 /* en */ = {isa = PBXFileReference; lastKnownFileType = file.storyboard; name = en; path = en.lproj/MainStoryboard_iPhone.storyboard; sourceTree = "<group>"; };
		071515811725887C0063B811 /* en */ = {isa = PBXFileReference; lastKnownFileType = file.storyboard; name = en; path = en.lproj/MainStoryboard_iPad.storyboard; sourceTree = "<group>"; };
		071515831725887C0063B811 /* MainViewController.h */ = {isa = PBXFileReference; lastKnownFileType = sourcecode.c.h; path = MainViewController.h; sourceTree = "<group>"; };
		071515841725887C0063B811 /* MainViewController.m */ = {isa = PBXFileReference; lastKnownFileType = sourcecode.c.objc; path = MainViewController.m; sourceTree = "<group>"; };
		0715158B1725887C0063B811 /* WhosPlayingXboxTests.octest */ = {isa = PBXFileReference; explicitFileType = wrapper.cfbundle; includeInIndex = 0; path = WhosPlayingXboxTests.octest; sourceTree = BUILT_PRODUCTS_DIR; };
		0715158C1725887C0063B811 /* SenTestingKit.framework */ = {isa = PBXFileReference; lastKnownFileType = wrapper.framework; name = SenTestingKit.framework; path = Library/Frameworks/SenTestingKit.framework; sourceTree = DEVELOPER_DIR; };
		071515941725887C0063B811 /* WhosPlayingXboxTests-Info.plist */ = {isa = PBXFileReference; lastKnownFileType = text.plist.xml; path = "WhosPlayingXboxTests-Info.plist"; sourceTree = "<group>"; };
		071515961725887C0063B811 /* en */ = {isa = PBXFileReference; lastKnownFileType = text.plist.strings; name = en; path = en.lproj/InfoPlist.strings; sourceTree = "<group>"; };
		071515981725887C0063B811 /* WhosPlayingXboxTests.h */ = {isa = PBXFileReference; lastKnownFileType = sourcecode.c.h; path = WhosPlayingXboxTests.h; sourceTree = "<group>"; };
		071515991725887C0063B811 /* WhosPlayingXboxTests.m */ = {isa = PBXFileReference; lastKnownFileType = sourcecode.c.objc; path = WhosPlayingXboxTests.m; sourceTree = "<group>"; };
		07735FD917258CB100358067 /* SystemConfiguration.framework */ = {isa = PBXFileReference; lastKnownFileType = wrapper.framework; name = SystemConfiguration.framework; path = System/Library/Frameworks/SystemConfiguration.framework; sourceTree = SDKROOT; };
		07735FDB17258CC400358067 /* MobileCoreServices.framework */ = {isa = PBXFileReference; lastKnownFileType = wrapper.framework; name = MobileCoreServices.framework; path = System/Library/Frameworks/MobileCoreServices.framework; sourceTree = SDKROOT; };
		07735FDD17258D4300358067 /* GamerStatus.h */ = {isa = PBXFileReference; fileEncoding = 4; lastKnownFileType = sourcecode.c.h; path = GamerStatus.h; sourceTree = "<group>"; };
		07735FDE17258D4300358067 /* GamerStatus.m */ = {isa = PBXFileReference; fileEncoding = 4; lastKnownFileType = sourcecode.c.objc; path = GamerStatus.m; sourceTree = "<group>"; };
		07E1BD571725E47B00AC9A88 /* SegoeWP.ttf */ = {isa = PBXFileReference; lastKnownFileType = file; path = SegoeWP.ttf; sourceTree = "<group>"; };
		07E1BD5F17262C3A00AC9A88 /* GamerStatusViewController.h */ = {isa = PBXFileReference; fileEncoding = 4; lastKnownFileType = sourcecode.c.h; path = GamerStatusViewController.h; sourceTree = "<group>"; };
		07E1BD6017262C3A00AC9A88 /* GamerStatusViewController.m */ = {isa = PBXFileReference; fileEncoding = 4; lastKnownFileType = sourcecode.c.objc; path = GamerStatusViewController.m; sourceTree = "<group>"; };
		07E1BD641728693300AC9A88 /* xboxGoldTier .png */ = {isa = PBXFileReference; lastKnownFileType = image.png; path = "xboxGoldTier .png"; sourceTree = "<group>"; };
		07E1BD66172879E200AC9A88 /* NSString+HTML.h */ = {isa = PBXFileReference; fileEncoding = 4; lastKnownFileType = sourcecode.c.h; path = "NSString+HTML.h"; sourceTree = "<group>"; };
		07E1BD67172879E200AC9A88 /* NSString+HTML.m */ = {isa = PBXFileReference; fileEncoding = 4; lastKnownFileType = sourcecode.c.objc; path = "NSString+HTML.m"; sourceTree = "<group>"; };
		07E1BD6A17287C0100AC9A88 /* GTMNSString+HTML.h */ = {isa = PBXFileReference; fileEncoding = 4; lastKnownFileType = sourcecode.c.h; path = "GTMNSString+HTML.h"; sourceTree = "<group>"; };
		07E1BD6B17287C0100AC9A88 /* GTMNSString+HTML.m */ = {isa = PBXFileReference; fileEncoding = 4; lastKnownFileType = sourcecode.c.objc; path = "GTMNSString+HTML.m"; sourceTree = "<group>"; };
		07E1BD6E1728999400AC9A88 /* QuartzCore.framework */ = {isa = PBXFileReference; lastKnownFileType = wrapper.framework; name = QuartzCore.framework; path = System/Library/Frameworks/QuartzCore.framework; sourceTree = SDKROOT; };
		07E1BD7017289C5D00AC9A88 /* refresh.png */ = {isa = PBXFileReference; lastKnownFileType = image.png; path = refresh.png; sourceTree = "<group>"; };
		07E1BD7217289C9800AC9A88 /* back.png */ = {isa = PBXFileReference; lastKnownFileType = image.png; path = back.png; sourceTree = "<group>"; };
		07E1BD7417289F3400AC9A88 /* StarEmptyLarge@2x.png */ = {isa = PBXFileReference; lastKnownFileType = image.png; path = "StarEmptyLarge@2x.png"; sourceTree = "<group>"; };
		07E1BD7517289F3400AC9A88 /* StarFullLarge@2x.png */ = {isa = PBXFileReference; lastKnownFileType = image.png; path = "StarFullLarge@2x.png"; sourceTree = "<group>"; };
		B778D8E3BE5F4215B16AE9A2 /* Pods.xcconfig */ = {isa = PBXFileReference; includeInIndex = 1; lastKnownFileType = text.xcconfig; name = Pods.xcconfig; path = Pods/Pods.xcconfig; sourceTree = SOURCE_ROOT; };
		E014D4CBD3594DB4AB9C8FF3 /* libPods.a */ = {isa = PBXFileReference; explicitFileType = archive.ar; includeInIndex = 0; path = libPods.a; sourceTree = BUILT_PRODUCTS_DIR; };
/* End PBXFileReference section */

/* Begin PBXFrameworksBuildPhase section */
		0715155F1725887C0063B811 /* Frameworks */ = {
			isa = PBXFrameworksBuildPhase;
			buildActionMask = 2147483647;
			files = (
				07E1BD6F1728999400AC9A88 /* QuartzCore.framework in Frameworks */,
				07735FDC17258CC400358067 /* MobileCoreServices.framework in Frameworks */,
				07735FDA17258CB100358067 /* SystemConfiguration.framework in Frameworks */,
				071515661725887C0063B811 /* UIKit.framework in Frameworks */,
				071515681725887C0063B811 /* Foundation.framework in Frameworks */,
				0715156A1725887C0063B811 /* CoreGraphics.framework in Frameworks */,
				98B82B86E50740D89E3E92C9 /* libPods.a in Frameworks */,
			);
			runOnlyForDeploymentPostprocessing = 0;
		};
		071515871725887C0063B811 /* Frameworks */ = {
			isa = PBXFrameworksBuildPhase;
			buildActionMask = 2147483647;
			files = (
				0715158D1725887C0063B811 /* SenTestingKit.framework in Frameworks */,
				0715158E1725887C0063B811 /* UIKit.framework in Frameworks */,
				0715158F1725887C0063B811 /* Foundation.framework in Frameworks */,
			);
			runOnlyForDeploymentPostprocessing = 0;
		};
/* End PBXFrameworksBuildPhase section */

/* Begin PBXGroup section */
		071515591725887C0063B811 = {
			isa = PBXGroup;
			children = (
				0715156B1725887C0063B811 /* WhosPlayingXbox */,
				071515921725887C0063B811 /* WhosPlayingXboxTests */,
				071515641725887C0063B811 /* Frameworks */,
				071515631725887C0063B811 /* Products */,
				B778D8E3BE5F4215B16AE9A2 /* Pods.xcconfig */,
			);
			sourceTree = "<group>";
		};
		071515631725887C0063B811 /* Products */ = {
			isa = PBXGroup;
			children = (
				071515621725887C0063B811 /* WhosPlayingXbox.app */,
				0715158B1725887C0063B811 /* WhosPlayingXboxTests.octest */,
			);
			name = Products;
			sourceTree = "<group>";
		};
		071515641725887C0063B811 /* Frameworks */ = {
			isa = PBXGroup;
			children = (
				07E1BD6E1728999400AC9A88 /* QuartzCore.framework */,
				07735FDB17258CC400358067 /* MobileCoreServices.framework */,
				07735FD917258CB100358067 /* SystemConfiguration.framework */,
				071515651725887C0063B811 /* UIKit.framework */,
				071515671725887C0063B811 /* Foundation.framework */,
				071515691725887C0063B811 /* CoreGraphics.framework */,
				0715158C1725887C0063B811 /* SenTestingKit.framework */,
				E014D4CBD3594DB4AB9C8FF3 /* libPods.a */,
			);
			name = Frameworks;
			sourceTree = "<group>";
		};
		0715156B1725887C0063B811 /* WhosPlayingXbox */ = {
			isa = PBXGroup;
			children = (
				07E1BD6D17287D2500AC9A88 /* StringHTMLEscape */,
				071515741725887C0063B811 /* AppDelegate.h */,
				071515751725887C0063B811 /* AppDelegate.m */,
				0715157D1725887C0063B811 /* MainStoryboard_iPhone.storyboard */,
				071515801725887C0063B811 /* MainStoryboard_iPad.storyboard */,
				07735FDD17258D4300358067 /* GamerStatus.h */,
				07735FDE17258D4300358067 /* GamerStatus.m */,
				07E1BD5F17262C3A00AC9A88 /* GamerStatusViewController.h */,
				07E1BD6017262C3A00AC9A88 /* GamerStatusViewController.m */,
				071515831725887C0063B811 /* MainViewController.h */,
				071515841725887C0063B811 /* MainViewController.m */,
				0715156C1725887C0063B811 /* Supporting Files */,
			);
			path = WhosPlayingXbox;
			sourceTree = "<group>";
		};
		0715156C1725887C0063B811 /* Supporting Files */ = {
			isa = PBXGroup;
			children = (
				07E1BD571725E47B00AC9A88 /* SegoeWP.ttf */,
				07E1BD641728693300AC9A88 /* xboxGoldTier .png */,
				07E1BD7217289C9800AC9A88 /* back.png */,
				07E1BD7017289C5D00AC9A88 /* refresh.png */,
				07E1BD7417289F3400AC9A88 /* StarEmptyLarge@2x.png */,
				07E1BD7517289F3400AC9A88 /* StarFullLarge@2x.png */,
				0715156D1725887C0063B811 /* WhosPlayingXbox-Info.plist */,
				0715156E1725887C0063B811 /* InfoPlist.strings */,
				071515711725887C0063B811 /* main.m */,
				071515731725887C0063B811 /* WhosPlayingXbox-Prefix.pch */,
				071515771725887C0063B811 /* Default.png */,
				071515791725887C0063B811 /* Default@2x.png */,
				0715157B1725887C0063B811 /* Default-568h@2x.png */,
			);
			name = "Supporting Files";
			sourceTree = "<group>";
		};
		071515921725887C0063B811 /* WhosPlayingXboxTests */ = {
			isa = PBXGroup;
			children = (
				071515981725887C0063B811 /* WhosPlayingXboxTests.h */,
				071515991725887C0063B811 /* WhosPlayingXboxTests.m */,
				071515931725887C0063B811 /* Supporting Files */,
			);
			path = WhosPlayingXboxTests;
			sourceTree = "<group>";
		};
		071515931725887C0063B811 /* Supporting Files */ = {
			isa = PBXGroup;
			children = (
				071515941725887C0063B811 /* WhosPlayingXboxTests-Info.plist */,
				071515951725887C0063B811 /* InfoPlist.strings */,
			);
			name = "Supporting Files";
			sourceTree = "<group>";
		};
		07E1BD6D17287D2500AC9A88 /* StringHTMLEscape */ = {
			isa = PBXGroup;
			children = (
				07E1BD66172879E200AC9A88 /* NSString+HTML.h */,
				07E1BD67172879E200AC9A88 /* NSString+HTML.m */,
				07E1BD6A17287C0100AC9A88 /* GTMNSString+HTML.h */,
				07E1BD6B17287C0100AC9A88 /* GTMNSString+HTML.m */,
			);
			name = StringHTMLEscape;
			sourceTree = "<group>";
		};
/* End PBXGroup section */

/* Begin PBXNativeTarget section */
		071515611725887C0063B811 /* WhosPlayingXbox */ = {
			isa = PBXNativeTarget;
			buildConfigurationList = 0715159D1725887C0063B811 /* Build configuration list for PBXNativeTarget "WhosPlayingXbox" */;
			buildPhases = (
				0715155E1725887C0063B811 /* Sources */,
				0715155F1725887C0063B811 /* Frameworks */,
				071515601725887C0063B811 /* Resources */,
				6C31EC64519B4909A725FD6E /* Copy Pods Resources */,
			);
			buildRules = (
			);
			dependencies = (
			);
			name = WhosPlayingXbox;
			productName = WhosPlayingXbox;
			productReference = 071515621725887C0063B811 /* WhosPlayingXbox.app */;
			productType = "com.apple.product-type.application";
		};
		0715158A1725887C0063B811 /* WhosPlayingXboxTests */ = {
			isa = PBXNativeTarget;
			buildConfigurationList = 071515A01725887C0063B811 /* Build configuration list for PBXNativeTarget "WhosPlayingXboxTests" */;
			buildPhases = (
				071515861725887C0063B811 /* Sources */,
				071515871725887C0063B811 /* Frameworks */,
				071515881725887C0063B811 /* Resources */,
				071515891725887C0063B811 /* ShellScript */,
			);
			buildRules = (
			);
			dependencies = (
				071515911725887C0063B811 /* PBXTargetDependency */,
			);
			name = WhosPlayingXboxTests;
			productName = WhosPlayingXboxTests;
			productReference = 0715158B1725887C0063B811 /* WhosPlayingXboxTests.octest */;
			productType = "com.apple.product-type.bundle";
		};
/* End PBXNativeTarget section */

/* Begin PBXProject section */
		0715155A1725887C0063B811 /* Project object */ = {
			isa = PBXProject;
			attributes = {
				LastUpgradeCheck = 0460;
				ORGANIZATIONNAME = Sandalsoft;
			};
			buildConfigurationList = 0715155D1725887C0063B811 /* Build configuration list for PBXProject "WhosPlayingXbox" */;
			compatibilityVersion = "Xcode 3.2";
			developmentRegion = English;
			hasScannedForEncodings = 0;
			knownRegions = (
				en,
			);
			mainGroup = 071515591725887C0063B811;
			productRefGroup = 071515631725887C0063B811 /* Products */;
			projectDirPath = "";
			projectRoot = "";
			targets = (
				071515611725887C0063B811 /* WhosPlayingXbox */,
				0715158A1725887C0063B811 /* WhosPlayingXboxTests */,
			);
		};
/* End PBXProject section */

/* Begin PBXResourcesBuildPhase section */
		071515601725887C0063B811 /* Resources */ = {
			isa = PBXResourcesBuildPhase;
			buildActionMask = 2147483647;
			files = (
				071515701725887C0063B811 /* InfoPlist.strings in Resources */,
				071515781725887C0063B811 /* Default.png in Resources */,
				0715157A1725887C0063B811 /* Default@2x.png in Resources */,
				0715157C1725887C0063B811 /* Default-568h@2x.png in Resources */,
				0715157F1725887C0063B811 /* MainStoryboard_iPhone.storyboard in Resources */,
				071515821725887C0063B811 /* MainStoryboard_iPad.storyboard in Resources */,
				07E1BD581725E47B00AC9A88 /* SegoeWP.ttf in Resources */,
				07E1BD651728693300AC9A88 /* xboxGoldTier .png in Resources */,
				07E1BD7117289C5D00AC9A88 /* refresh.png in Resources */,
				07E1BD7317289C9800AC9A88 /* back.png in Resources */,
				07E1BD7617289F3400AC9A88 /* StarEmptyLarge@2x.png in Resources */,
				07E1BD7717289F3400AC9A88 /* StarFullLarge@2x.png in Resources */,
			);
			runOnlyForDeploymentPostprocessing = 0;
		};
		071515881725887C0063B811 /* Resources */ = {
			isa = PBXResourcesBuildPhase;
			buildActionMask = 2147483647;
			files = (
				071515971725887C0063B811 /* InfoPlist.strings in Resources */,
			);
			runOnlyForDeploymentPostprocessing = 0;
		};
/* End PBXResourcesBuildPhase section */

/* Begin PBXShellScriptBuildPhase section */
		071515891725887C0063B811 /* ShellScript */ = {
			isa = PBXShellScriptBuildPhase;
			buildActionMask = 2147483647;
			files = (
			);
			inputPaths = (
			);
			outputPaths = (
			);
			runOnlyForDeploymentPostprocessing = 0;
			shellPath = /bin/sh;
			shellScript = "# Run the unit tests in this test bundle.\n\"${SYSTEM_DEVELOPER_DIR}/Tools/RunUnitTests\"\n";
		};
		6C31EC64519B4909A725FD6E /* Copy Pods Resources */ = {
			isa = PBXShellScriptBuildPhase;
			buildActionMask = 2147483647;
			files = (
			);
			inputPaths = (
			);
			name = "Copy Pods Resources";
			outputPaths = (
			);
			runOnlyForDeploymentPostprocessing = 0;
			shellPath = /bin/sh;
			shellScript = "\"${SRCROOT}/Pods/Pods-resources.sh\"\n";
		};
/* End PBXShellScriptBuildPhase section */

/* Begin PBXSourcesBuildPhase section */
		0715155E1725887C0063B811 /* Sources */ = {
			isa = PBXSourcesBuildPhase;
			buildActionMask = 2147483647;
			files = (
				071515721725887C0063B811 /* main.m in Sources */,
				071515761725887C0063B811 /* AppDelegate.m in Sources */,
				071515851725887C0063B811 /* MainViewController.m in Sources */,
				07735FDF17258D4300358067 /* GamerStatus.m in Sources */,
				07E1BD6117262C3A00AC9A88 /* GamerStatusViewController.m in Sources */,
				07E1BD68172879E200AC9A88 /* NSString+HTML.m in Sources */,
				07E1BD6C17287C0100AC9A88 /* GTMNSString+HTML.m in Sources */,
			);
			runOnlyForDeploymentPostprocessing = 0;
		};
		071515861725887C0063B811 /* Sources */ = {
			isa = PBXSourcesBuildPhase;
			buildActionMask = 2147483647;
			files = (
				0715159A1725887C0063B811 /* WhosPlayingXboxTests.m in Sources */,
			);
			runOnlyForDeploymentPostprocessing = 0;
		};
/* End PBXSourcesBuildPhase section */

/* Begin PBXTargetDependency section */
		071515911725887C0063B811 /* PBXTargetDependency */ = {
			isa = PBXTargetDependency;
			target = 071515611725887C0063B811 /* WhosPlayingXbox */;
			targetProxy = 071515901725887C0063B811 /* PBXContainerItemProxy */;
		};
/* End PBXTargetDependency section */

/* Begin PBXVariantGroup section */
		0715156E1725887C0063B811 /* InfoPlist.strings */ = {
			isa = PBXVariantGroup;
			children = (
				0715156F1725887C0063B811 /* en */,
			);
			name = InfoPlist.strings;
			sourceTree = "<group>";
		};
		0715157D1725887C0063B811 /* MainStoryboard_iPhone.storyboard */ = {
			isa = PBXVariantGroup;
			children = (
				0715157E1725887C0063B811 /* en */,
			);
			name = MainStoryboard_iPhone.storyboard;
			sourceTree = "<group>";
		};
		071515801725887C0063B811 /* MainStoryboard_iPad.storyboard */ = {
			isa = PBXVariantGroup;
			children = (
				071515811725887C0063B811 /* en */,
			);
			name = MainStoryboard_iPad.storyboard;
			sourceTree = "<group>";
		};
		071515951725887C0063B811 /* InfoPlist.strings */ = {
			isa = PBXVariantGroup;
			children = (
				071515961725887C0063B811 /* en */,
			);
			name = InfoPlist.strings;
			sourceTree = "<group>";
		};
/* End PBXVariantGroup section */

/* Begin XCBuildConfiguration section */
		0715159B1725887C0063B811 /* Debug */ = {
			isa = XCBuildConfiguration;
			buildSettings = {
				ALWAYS_SEARCH_USER_PATHS = NO;
				CLANG_CXX_LANGUAGE_STANDARD = "gnu++0x";
				CLANG_CXX_LIBRARY = "libc++";
				CLANG_ENABLE_OBJC_ARC = YES;
				CLANG_WARN_CONSTANT_CONVERSION = YES;
				CLANG_WARN_EMPTY_BODY = YES;
				CLANG_WARN_ENUM_CONVERSION = YES;
				CLANG_WARN_INT_CONVERSION = YES;
				CLANG_WARN__DUPLICATE_METHOD_MATCH = YES;
				"CODE_SIGN_IDENTITY[sdk=iphoneos*]" = "iPhone Developer";
				COPY_PHASE_STRIP = NO;
				GCC_C_LANGUAGE_STANDARD = gnu99;
				GCC_DYNAMIC_NO_PIC = NO;
				GCC_OPTIMIZATION_LEVEL = 0;
				GCC_PREPROCESSOR_DEFINITIONS = (
					"DEBUG=1",
					"$(inherited)",
				);
				GCC_SYMBOLS_PRIVATE_EXTERN = NO;
				GCC_WARN_ABOUT_RETURN_TYPE = YES;
				GCC_WARN_UNINITIALIZED_AUTOS = YES;
				GCC_WARN_UNUSED_VARIABLE = YES;
				IPHONEOS_DEPLOYMENT_TARGET = 6.1;
				ONLY_ACTIVE_ARCH = YES;
				SDKROOT = iphoneos;
				TARGETED_DEVICE_FAMILY = "1,2";
			};
			name = Debug;
		};
		0715159C1725887C0063B811 /* Release */ = {
			isa = XCBuildConfiguration;
			buildSettings = {
				ALWAYS_SEARCH_USER_PATHS = NO;
				CLANG_CXX_LANGUAGE_STANDARD = "gnu++0x";
				CLANG_CXX_LIBRARY = "libc++";
				CLANG_ENABLE_OBJC_ARC = YES;
				CLANG_WARN_CONSTANT_CONVERSION = YES;
				CLANG_WARN_EMPTY_BODY = YES;
				CLANG_WARN_ENUM_CONVERSION = YES;
				CLANG_WARN_INT_CONVERSION = YES;
				CLANG_WARN__DUPLICATE_METHOD_MATCH = YES;
				"CODE_SIGN_IDENTITY[sdk=iphoneos*]" = "iPhone Developer";
				COPY_PHASE_STRIP = YES;
				GCC_C_LANGUAGE_STANDARD = gnu99;
				GCC_WARN_ABOUT_RETURN_TYPE = YES;
				GCC_WARN_UNINITIALIZED_AUTOS = YES;
				GCC_WARN_UNUSED_VARIABLE = YES;
				IPHONEOS_DEPLOYMENT_TARGET = 6.1;
				OTHER_CFLAGS = "-DNS_BLOCK_ASSERTIONS=1";
				SDKROOT = iphoneos;
				TARGETED_DEVICE_FAMILY = "1,2";
				VALIDATE_PRODUCT = YES;
			};
			name = Release;
		};
		0715159E1725887C0063B811 /* Debug */ = {
			isa = XCBuildConfiguration;
			baseConfigurationReference = B778D8E3BE5F4215B16AE9A2 /* Pods.xcconfig */;
			buildSettings = {
				GCC_PRECOMPILE_PREFIX_HEADER = YES;
				GCC_PREFIX_HEADER = "WhosPlayingXbox/WhosPlayingXbox-Prefix.pch";
				INFOPLIST_FILE = "WhosPlayingXbox/WhosPlayingXbox-Info.plist";
				PRODUCT_NAME = "$(TARGET_NAME)";
				WRAPPER_EXTENSION = app;
			};
			name = Debug;
		};
		0715159F1725887C0063B811 /* Release */ = {
			isa = XCBuildConfiguration;
			baseConfigurationReference = B778D8E3BE5F4215B16AE9A2 /* Pods.xcconfig */;
			buildSettings = {
				GCC_PRECOMPILE_PREFIX_HEADER = YES;
				GCC_PREFIX_HEADER = "WhosPlayingXbox/WhosPlayingXbox-Prefix.pch";
				INFOPLIST_FILE = "WhosPlayingXbox/WhosPlayingXbox-Info.plist";
				PRODUCT_NAME = "$(TARGET_NAME)";
				WRAPPER_EXTENSION = app;
			};
			name = Release;
		};
		071515A11725887C0063B811 /* Debug */ = {
			isa = XCBuildConfiguration;
			buildSettings = {
				BUNDLE_LOADER = "$(BUILT_PRODUCTS_DIR)/WhosPlayingXbox.app/WhosPlayingXbox";
				FRAMEWORK_SEARCH_PATHS = (
					"\"$(SDKROOT)/Developer/Library/Frameworks\"",
					"\"$(DEVELOPER_LIBRARY_DIR)/Frameworks\"",
				);
				GCC_PRECOMPILE_PREFIX_HEADER = YES;
				GCC_PREFIX_HEADER = "WhosPlayingXbox/WhosPlayingXbox-Prefix.pch";
				INFOPLIST_FILE = "WhosPlayingXboxTests/WhosPlayingXboxTests-Info.plist";
				PRODUCT_NAME = "$(TARGET_NAME)";
				TEST_HOST = "$(BUNDLE_LOADER)";
				WRAPPER_EXTENSION = octest;
			};
			name = Debug;
		};
		071515A21725887C0063B811 /* Release */ = {
			isa = XCBuildConfiguration;
			buildSettings = {
				BUNDLE_LOADER = "$(BUILT_PRODUCTS_DIR)/WhosPlayingXbox.app/WhosPlayingXbox";
				FRAMEWORK_SEARCH_PATHS = (
					"\"$(SDKROOT)/Developer/Library/Frameworks\"",
					"\"$(DEVELOPER_LIBRARY_DIR)/Frameworks\"",
				);
				GCC_PRECOMPILE_PREFIX_HEADER = YES;
				GCC_PREFIX_HEADER = "WhosPlayingXbox/WhosPlayingXbox-Prefix.pch";
				INFOPLIST_FILE = "WhosPlayingXboxTests/WhosPlayingXboxTests-Info.plist";
				PRODUCT_NAME = "$(TARGET_NAME)";
				TEST_HOST = "$(BUNDLE_LOADER)";
				WRAPPER_EXTENSION = octest;
			};
			name = Release;
		};
/* End XCBuildConfiguration section */

/* Begin XCConfigurationList section */
		0715155D1725887C0063B811 /* Build configuration list for PBXProject "WhosPlayingXbox" */ = {
			isa = XCConfigurationList;
			buildConfigurations = (
				0715159B1725887C0063B811 /* Debug */,
				0715159C1725887C0063B811 /* Release */,
			);
			defaultConfigurationIsVisible = 0;
			defaultConfigurationName = Release;
		};
		0715159D1725887C0063B811 /* Build configuration list for PBXNativeTarget "WhosPlayingXbox" */ = {
			isa = XCConfigurationList;
			buildConfigurations = (
				0715159E1725887C0063B811 /* Debug */,
				0715159F1725887C0063B811 /* Release */,
			);
			defaultConfigurationIsVisible = 0;
			defaultConfigurationName = Release;
		};
		071515A01725887C0063B811 /* Build configuration list for PBXNativeTarget "WhosPlayingXboxTests" */ = {
			isa = XCConfigurationList;
			buildConfigurations = (
				071515A11725887C0063B811 /* Debug */,
				071515A21725887C0063B811 /* Release */,
			);
			defaultConfigurationIsVisible = 0;
			defaultConfigurationName = Release;
		};
/* End XCConfigurationList section */
	};
	rootObject = 0715155A1725887C0063B811 /* Project object */;
}
